
Microsoft Visual Studio Solution File, Format Version 12.00
Project("{FAE04EC0-301F-11D3-BF4B-00C04F79EFBC}") = "GlareParser", "GlareParser\GlareParser.csproj", "{CEF91F3B-DEA9-40E5-83C8-712A65108B86}"
EndProject
Project("{FAE04EC0-301F-11D3-BF4B-00C04F79EFBC}") = "GlareParserTests", "GlareParserTests\GlareParserTests.csproj", "{4CE00CB5-366C-4AC4-8D2A-4AD6FBA2378E}"
EndProject
Project("{FAE04EC0-301F-11D3-BF4B-00C04F79EFBC}") = "Scratch", "Scratch\Scratch.csproj", "{F1DFFDB4-5E21-4943-AFDC-269C4E81F760}"
EndProject
Global
	GlobalSection(SolutionConfigurationPlatforms) = preSolution
		Debug|Any CPU = Debug|Any CPU
		Release|Any CPU = Release|Any CPU
	EndGlobalSection
	GlobalSection(ProjectConfigurationPlatforms) = postSolution
		{CEF91F3B-DEA9-40E5-83C8-712A65108B86}.Debug|Any CPU.ActiveCfg = Debug|Any CPU
		{CEF91F3B-DEA9-40E5-83C8-712A65108B86}.Debug|Any CPU.Build.0 = Debug|Any CPU
		{CEF91F3B-DEA9-40E5-83C8-712A65108B86}.Release|Any CPU.ActiveCfg = Release|Any CPU
		{CEF91F3B-DEA9-40E5-83C8-712A65108B86}.Release|Any CPU.Build.0 = Release|Any CPU
		{4CE00CB5-366C-4AC4-8D2A-4AD6FBA2378E}.Debug|Any CPU.ActiveCfg = Debug|Any CPU
		{4CE00CB5-366C-4AC4-8D2A-4AD6FBA2378E}.Debug|Any CPU.Build.0 = Debug|Any CPU
		{4CE00CB5-366C-4AC4-8D2A-4AD6FBA2378E}.Release|Any CPU.ActiveCfg = Release|Any CPU
		{4CE00CB5-366C-4AC4-8D2A-4AD6FBA2378E}.Release|Any CPU.Build.0 = Release|Any CPU
		{F1DFFDB4-5E21-4943-AFDC-269C4E81F760}.Debug|Any CPU.ActiveCfg = Debug|Any CPU
		{F1DFFDB4-5E21-4943-AFDC-269C4E81F760}.Debug|Any CPU.Build.0 = Debug|Any CPU
		{F1DFFDB4-5E21-4943-AFDC-269C4E81F760}.Release|Any CPU.ActiveCfg = Release|Any CPU
		{F1DFFDB4-5E21-4943-AFDC-269C4E81F760}.Release|Any CPU.Build.0 = Release|Any CPU
	EndGlobalSection
EndGlobal
